{
  "nodes": {
    "nixpkgs": {
      "locked": {
        "lastModified": 1741724370,
        "narHash": "sha256-WsD+8uodhl58jzKKcPH4jH9dLTLFWZpVmGq4W1XDVF4=",
        "owner": "NixOS",
        "repo": "nixpkgs",
        "rev": "95600680c021743fd87b3e2fe13be7c290e1cac4",
        "type": "github"
      },
      "original": {
        "id": "nixpkgs",
        "ref": "nixos-24.11",
        "type": "indirect"
      }
    },
    "root": {
      "inputs": {
        "nixpkgs": "nixpkgs"
      }
    }
  },
  "root": "root",
  "version": 7
}
